
Microsoft Visual Studio Solution File, Format Version 12.00
# Visual Studio Version 17
VisualStudioVersion = 17.3.32922.545
MinimumVisualStudioVersion = 10.0.40219.1
Project("{9A19103F-16F7-4668-BE54-9A1E7A4F7556}") = "Targil0", "Targil0\Targil0.csproj", "{980CB136-D56D-4AE6-861D-0B60F60EDF0C}"
EndProject
Project("{9A19103F-16F7-4668-BE54-9A1E7A4F7556}") = "BL", "BL\BL.csproj", "{37C05333-484F-402E-92EB-42FAA5867946}"
EndProject
Project("{9A19103F-16F7-4668-BE54-9A1E7A4F7556}") = "BlTest", "BlTest\BlTest.csproj", "{B28D07C6-612F-4C4A-967C-1CD14561BCEA}"
EndProject
Project("{9A19103F-16F7-4668-BE54-9A1E7A4F7556}") = "DalFacade", "DalFacade\DalFacade.csproj", "{B5920838-FAEA-433A-85ED-94B3B9BD03A1}"
EndProject
Project("{9A19103F-16F7-4668-BE54-9A1E7A4F7556}") = "DalList", "DalList\DalList.csproj", "{31BD7397-525C-42B5-9F51-D3FD53F9D7B5}"
EndProject
Project("{9A19103F-16F7-4668-BE54-9A1E7A4F7556}") = "DalTest", "DalTest\DalTest.csproj", "{6A99FDC3-6B94-47B6-A880-DA7405A13578}"
EndProject
Project("{9A19103F-16F7-4668-BE54-9A1E7A4F7556}") = "PL", "PL\PL.csproj", "{FDB360BF-1C5E-4DEE-B137-2E551E431735}"
EndProject
Project("{2150E333-8FDC-42A3-9474-1A3956D46DE8}") = "xml", "xml", "{7C71D739-0C5D-47AB-8598-BF284FF9650B}"
	ProjectSection(SolutionItems) = preProject
		xml\dal-config.xml = xml\dal-config.xml
		xml\Order.xml = xml\Order.xml
		xml\OrderItem.xml = xml\OrderItem.xml
		xml\Product.xml = xml\Product.xml
	EndProjectSection
EndProject
Project("{9A19103F-16F7-4668-BE54-9A1E7A4F7556}") = "DaLXml", "DaLXml\DaLXml.csproj", "{686C78C8-FF5C-4B8F-A493-21EC7D7A73D8}"
EndProject
Global
	GlobalSection(SolutionConfigurationPlatforms) = preSolution
		Debug|Any CPU = Debug|Any CPU
		Release|Any CPU = Release|Any CPU
	EndGlobalSection
	GlobalSection(ProjectConfigurationPlatforms) = postSolution
		{980CB136-D56D-4AE6-861D-0B60F60EDF0C}.Debug|Any CPU.ActiveCfg = Debug|Any CPU
		{980CB136-D56D-4AE6-861D-0B60F60EDF0C}.Debug|Any CPU.Build.0 = Debug|Any CPU
		{980CB136-D56D-4AE6-861D-0B60F60EDF0C}.Release|Any CPU.ActiveCfg = Release|Any CPU
		{980CB136-D56D-4AE6-861D-0B60F60EDF0C}.Release|Any CPU.Build.0 = Release|Any CPU
		{37C05333-484F-402E-92EB-42FAA5867946}.Debug|Any CPU.ActiveCfg = Debug|Any CPU
		{37C05333-484F-402E-92EB-42FAA5867946}.Debug|Any CPU.Build.0 = Debug|Any CPU
		{37C05333-484F-402E-92EB-42FAA5867946}.Release|Any CPU.ActiveCfg = Release|Any CPU
		{37C05333-484F-402E-92EB-42FAA5867946}.Release|Any CPU.Build.0 = Release|Any CPU
		{B28D07C6-612F-4C4A-967C-1CD14561BCEA}.Debug|Any CPU.ActiveCfg = Debug|Any CPU
		{B28D07C6-612F-4C4A-967C-1CD14561BCEA}.Debug|Any CPU.Build.0 = Debug|Any CPU
		{B28D07C6-612F-4C4A-967C-1CD14561BCEA}.Release|Any CPU.ActiveCfg = Release|Any CPU
		{B28D07C6-612F-4C4A-967C-1CD14561BCEA}.Release|Any CPU.Build.0 = Release|Any CPU
		{B5920838-FAEA-433A-85ED-94B3B9BD03A1}.Debug|Any CPU.ActiveCfg = Debug|Any CPU
		{B5920838-FAEA-433A-85ED-94B3B9BD03A1}.Debug|Any CPU.Build.0 = Debug|Any CPU
		{B5920838-FAEA-433A-85ED-94B3B9BD03A1}.Release|Any CPU.ActiveCfg = Release|Any CPU
		{B5920838-FAEA-433A-85ED-94B3B9BD03A1}.Release|Any CPU.Build.0 = Release|Any CPU
		{31BD7397-525C-42B5-9F51-D3FD53F9D7B5}.Debug|Any CPU.ActiveCfg = Debug|Any CPU
		{31BD7397-525C-42B5-9F51-D3FD53F9D7B5}.Debug|Any CPU.Build.0 = Debug|Any CPU
		{31BD7397-525C-42B5-9F51-D3FD53F9D7B5}.Release|Any CPU.ActiveCfg = Release|Any CPU
		{31BD7397-525C-42B5-9F51-D3FD53F9D7B5}.Release|Any CPU.Build.0 = Release|Any CPU
		{6A99FDC3-6B94-47B6-A880-DA7405A13578}.Debug|Any CPU.ActiveCfg = Debug|Any CPU
		{6A99FDC3-6B94-47B6-A880-DA7405A13578}.Debug|Any CPU.Build.0 = Debug|Any CPU
		{6A99FDC3-6B94-47B6-A880-DA7405A13578}.Release|Any CPU.ActiveCfg = Release|Any CPU
		{6A99FDC3-6B94-47B6-A880-DA7405A13578}.Release|Any CPU.Build.0 = Release|Any CPU
		{FDB360BF-1C5E-4DEE-B137-2E551E431735}.Debug|Any CPU.ActiveCfg = Debug|Any CPU
		{FDB360BF-1C5E-4DEE-B137-2E551E431735}.Debug|Any CPU.Build.0 = Debug|Any CPU
		{FDB360BF-1C5E-4DEE-B137-2E551E431735}.Release|Any CPU.ActiveCfg = Release|Any CPU
		{FDB360BF-1C5E-4DEE-B137-2E551E431735}.Release|Any CPU.Build.0 = Release|Any CPU
		{686C78C8-FF5C-4B8F-A493-21EC7D7A73D8}.Debug|Any CPU.ActiveCfg = Debug|Any CPU
		{686C78C8-FF5C-4B8F-A493-21EC7D7A73D8}.Debug|Any CPU.Build.0 = Debug|Any CPU
		{686C78C8-FF5C-4B8F-A493-21EC7D7A73D8}.Release|Any CPU.ActiveCfg = Release|Any CPU
		{686C78C8-FF5C-4B8F-A493-21EC7D7A73D8}.Release|Any CPU.Build.0 = Release|Any CPU
	EndGlobalSection
	GlobalSection(SolutionProperties) = preSolution
		HideSolutionNode = FALSE
	EndGlobalSection
	GlobalSection(ExtensibilityGlobals) = postSolution
		SolutionGuid = {268E1FD5-A996-4862-B6BD-34C704AAB972}
	EndGlobalSection
EndGlobal
